// !$*UTF8*$!
{
	archiveVersion = 1;
	classes = {
	};
	objectVersion = 46;
	objects = {

/* Begin PBXBuildFile section */
		56B4FCDA1E2260B500F96530 /* VideoParkingViewController.swift in Sources */ = {isa = PBXBuildFile; fileRef = 56B4FCD81E2260B500F96530 /* VideoParkingViewController.swift */; };
		56B4FCDB1E2260B500F96530 /* VideoParkingViewController.xib in Resources */ = {isa = PBXBuildFile; fileRef = 56B4FCD91E2260B500F96530 /* VideoParkingViewController.xib */; };
		56FF7BB31DFC727400CFD556 /* AppDelegate.swift in Sources */ = {isa = PBXBuildFile; fileRef = 56FF7BB21DFC727400CFD556 /* AppDelegate.swift */; };
		56FF7BB51DFC727400CFD556 /* ViewController.swift in Sources */ = {isa = PBXBuildFile; fileRef = 56FF7BB41DFC727400CFD556 /* ViewController.swift */; };
		56FF7BB81DFC727400CFD556 /* Main.storyboard in Resources */ = {isa = PBXBuildFile; fileRef = 56FF7BB61DFC727400CFD556 /* Main.storyboard */; };
		56FF7BBA1DFC727400CFD556 /* Assets.xcassets in Resources */ = {isa = PBXBuildFile; fileRef = 56FF7BB91DFC727400CFD556 /* Assets.xcassets */; };
		56FF7BBD1DFC727400CFD556 /* LaunchScreen.storyboard in Resources */ = {isa = PBXBuildFile; fileRef = 56FF7BBB1DFC727400CFD556 /* LaunchScreen.storyboard */; };
		56FF7BC71DFC74B200CFD556 /* BTDiscovery.swift in Sources */ = {isa = PBXBuildFile; fileRef = 56FF7BC51DFC74B200CFD556 /* BTDiscovery.swift */; };
		56FF7BC81DFC74B200CFD556 /* BTService.swift in Sources */ = {isa = PBXBuildFile; fileRef = 56FF7BC61DFC74B200CFD556 /* BTService.swift */; };
		56FF7BCA1DFC76C500CFD556 /* ViewController.xib in Resources */ = {isa = PBXBuildFile; fileRef = 56FF7BC91DFC76C500CFD556 /* ViewController.xib */; };
/* End PBXBuildFile section */

/* Begin PBXFileReference section */
		56B4FCD81E2260B500F96530 /* VideoParkingViewController.swift */ = {isa = PBXFileReference; fileEncoding = 4; lastKnownFileType = sourcecode.swift; path = VideoParkingViewController.swift; sourceTree = "<group>"; };
		56B4FCD91E2260B500F96530 /* VideoParkingViewController.xib */ = {isa = PBXFileReference; fileEncoding = 4; lastKnownFileType = file.xib; path = VideoParkingViewController.xib; sourceTree = "<group>"; };
		56FF7BAF1DFC727400CFD556 /* Automatic Parking Bar.app */ = {isa = PBXFileReference; explicitFileType = wrapper.application; includeInIndex = 0; path = "Automatic Parking Bar.app"; sourceTree = BUILT_PRODUCTS_DIR; };
		56FF7BB21DFC727400CFD556 /* AppDelegate.swift */ = {isa = PBXFileReference; lastKnownFileType = sourcecode.swift; path = AppDelegate.swift; sourceTree = "<group>"; };
		56FF7BB41DFC727400CFD556 /* ViewController.swift */ = {isa = PBXFileReference; lastKnownFileType = sourcecode.swift; path = ViewController.swift; sourceTree = "<group>"; };
		56FF7BB71DFC727400CFD556 /* Base */ = {isa = PBXFileReference; lastKnownFileType = file.storyboard; name = Base; path = Base.lproj/Main.storyboard; sourceTree = "<group>"; };
		56FF7BB91DFC727400CFD556 /* Assets.xcassets */ = {isa = PBXFileReference; lastKnownFileType = folder.assetcatalog; path = Assets.xcassets; sourceTree = "<group>"; };
		56FF7BBC1DFC727400CFD556 /* Base */ = {isa = PBXFileReference; lastKnownFileType = file.storyboard; name = Base; path = Base.lproj/LaunchScreen.storyboard; sourceTree = "<group>"; };
		56FF7BBE1DFC727400CFD556 /* Info.plist */ = {isa = PBXFileReference; lastKnownFileType = text.plist.xml; path = Info.plist; sourceTree = "<group>"; };
		56FF7BC51DFC74B200CFD556 /* BTDiscovery.swift */ = {isa = PBXFileReference; fileEncoding = 4; lastKnownFileType = sourcecode.swift; name = BTDiscovery.swift; path = "BTLE Classes/BTDiscovery.swift"; sourceTree = "<group>"; };
		56FF7BC61DFC74B200CFD556 /* BTService.swift */ = {isa = PBXFileReference; fileEncoding = 4; lastKnownFileType = sourcecode.swift; name = BTService.swift; path = "BTLE Classes/BTService.swift"; sourceTree = "<group>"; };
		56FF7BC91DFC76C500CFD556 /* ViewController.xib */ = {isa = PBXFileReference; fileEncoding = 4; lastKnownFileType = file.xib; path = ViewController.xib; sourceTree = "<group>"; };
/* End PBXFileReference section */

/* Begin PBXFrameworksBuildPhase section */
		56FF7BAC1DFC727400CFD556 /* Frameworks */ = {
			isa = PBXFrameworksBuildPhase;
			buildActionMask = 2147483647;
			files = (
			);
			runOnlyForDeploymentPostprocessing = 0;
		};
/* End PBXFrameworksBuildPhase section */

/* Begin PBXGroup section */
		56FF7BA61DFC727400CFD556 = {
			isa = PBXGroup;
			children = (
				56FF7BB11DFC727400CFD556 /* Automatic Parking Bar */,
				56FF7BB01DFC727400CFD556 /* Products */,
			);
			sourceTree = "<group>";
		};
		56FF7BB01DFC727400CFD556 /* Products */ = {
			isa = PBXGroup;
			children = (
				56FF7BAF1DFC727400CFD556 /* Automatic Parking Bar.app */,
			);
			name = Products;
			sourceTree = "<group>";
		};
		56FF7BB11DFC727400CFD556 /* Automatic Parking Bar */ = {
			isa = PBXGroup;
			children = (
				56FF7BC41DFC74A100CFD556 /* BTLE Classes */,
				56FF7BB21DFC727400CFD556 /* AppDelegate.swift */,
				56B4FCD81E2260B500F96530 /* VideoParkingViewController.swift */,
				56B4FCD91E2260B500F96530 /* VideoParkingViewController.xib */,
				56FF7BB41DFC727400CFD556 /* ViewController.swift */,
				56FF7BC91DFC76C500CFD556 /* ViewController.xib */,
				56FF7BB61DFC727400CFD556 /* Main.storyboard */,
				56FF7BB91DFC727400CFD556 /* Assets.xcassets */,
				56FF7BBB1DFC727400CFD556 /* LaunchScreen.storyboard */,
				56FF7BBE1DFC727400CFD556 /* Info.plist */,
			);
			path = "Automatic Parking Bar";
			sourceTree = "<group>";
		};
		56FF7BC41DFC74A100CFD556 /* BTLE Classes */ = {
			isa = PBXGroup;
			children = (
				56FF7BC51DFC74B200CFD556 /* BTDiscovery.swift */,
				56FF7BC61DFC74B200CFD556 /* BTService.swift */,
			);
			name = "BTLE Classes";
			sourceTree = "<group>";
		};
/* End PBXGroup section */

/* Begin PBXNativeTarget section */
		56FF7BAE1DFC727400CFD556 /* Automatic Parking Bar */ = {
			isa = PBXNativeTarget;
			buildConfigurationList = 56FF7BC11DFC727400CFD556 /* Build configuration list for PBXNativeTarget "Automatic Parking Bar" */;
			buildPhases = (
				56FF7BAB1DFC727400CFD556 /* Sources */,
				56FF7BAC1DFC727400CFD556 /* Frameworks */,
				56FF7BAD1DFC727400CFD556 /* Resources */,
			);
			buildRules = (
			);
			dependencies = (
			);
			name = "Automatic Parking Bar";
			productName = "Automatic Parking Bar";
			productReference = 56FF7BAF1DFC727400CFD556 /* Automatic Parking Bar.app */;
			productType = "com.apple.product-type.application";
		};
/* End PBXNativeTarget section */

/* Begin PBXProject section */
		56FF7BA71DFC727400CFD556 /* Project object */ = {
			isa = PBXProject;
			attributes = {
				LastSwiftUpdateCheck = 0810;
				LastUpgradeCheck = 0810;
				ORGANIZATIONNAME = Yhondri;
				TargetAttributes = {
					56FF7BAE1DFC727400CFD556 = {
						CreatedOnToolsVersion = 8.1;
						DevelopmentTeam = UY69P266SE;
						ProvisioningStyle = Automatic;
					};
				};
			};
			buildConfigurationList = 56FF7BAA1DFC727400CFD556 /* Build configuration list for PBXProject "Automatic Parking Bar" */;
			compatibilityVersion = "Xcode 3.2";
			developmentRegion = English;
			hasScannedForEncodings = 0;
			knownRegions = (
				en,
				Base,
			);
			mainGroup = 56FF7BA61DFC727400CFD556;
			productRefGroup = 56FF7BB01DFC727400CFD556 /* Products */;
			projectDirPath = "";
			projectRoot = "";
			targets = (
				56FF7BAE1DFC727400CFD556 /* Automatic Parking Bar */,
			);
		};
/* End PBXProject section */

/* Begin PBXResourcesBuildPhase section */
		56FF7BAD1DFC727400CFD556 /* Resources */ = {
			isa = PBXResourcesBuildPhase;
			buildActionMask = 2147483647;
			files = (
				56FF7BBD1DFC727400CFD556 /* LaunchScreen.storyboard in Resources */,
				56FF7BBA1DFC727400CFD556 /* Assets.xcassets in Resources */,
				56FF7BCA1DFC76C500CFD556 /* ViewController.xib in Resources */,
				56B4FCDB1E2260B500F96530 /* VideoParkingViewController.xib in Resources */,
				56FF7BB81DFC727400CFD556 /* Main.storyboard in Resources */,
			);
			runOnlyForDeploymentPostprocessing = 0;
		};
/* End PBXResourcesBuildPhase section */

/* Begin PBXSourcesBuildPhase section */
		56FF7BAB1DFC727400CFD556 /* Sources */ = {
			isa = PBXSourcesBuildPhase;
			buildActionMask = 2147483647;
			files = (
				56FF7BB51DFC727400CFD556 /* ViewController.swift in Sources */,
				56FF7BC81DFC74B200CFD556 /* BTService.swift in Sources */,
				56FF7BC71DFC74B200CFD556 /* BTDiscovery.swift in Sources */,
				56B4FCDA1E2260B500F96530 /* VideoParkingViewController.swift in Sources */,
				56FF7BB31DFC727400CFD556 /* AppDelegate.swift in Sources */,
			);
			runOnlyForDeploymentPostprocessing = 0;
		};
/* End PBXSourcesBuildPhase section */

/* Begin PBXVariantGroup section */
		56FF7BB61DFC727400CFD556 /* Main.storyboard */ = {
			isa = PBXVariantGroup;
			children = (
				56FF7BB71DFC727400CFD556 /* Base */,
			);
			name = Main.storyboard;
			sourceTree = "<group>";
		};
		56FF7BBB1DFC727400CFD556 /* LaunchScreen.storyboard */ = {
			isa = PBXVariantGroup;
			children = (
				56FF7BBC1DFC727400CFD556 /* Base */,
			);
			name = LaunchScreen.storyboard;
			sourceTree = "<group>";
		};
/* End PBXVariantGroup section */

/* Begin XCBuildConfiguration section */
		56FF7BBF1DFC727400CFD556 /* Debug */ = {
			isa = XCBuildConfiguration;
			buildSettings = {
				ALWAYS_SEARCH_USER_PATHS = NO;
				CLANG_ANALYZER_NONNULL = YES;
				CLANG_CXX_LANGUAGE_STANDARD = "gnu++0x";
				CLANG_CXX_LIBRARY = "libc++";
				CLANG_ENABLE_MODULES = YES;
				CLANG_ENABLE_OBJC_ARC = YES;
				CLANG_WARN_BOOL_CONVERSION = YES;
				CLANG_WARN_CONSTANT_CONVERSION = YES;
				CLANG_WARN_DIRECT_OBJC_ISA_USAGE = YES_ERROR;
				CLANG_WARN_DOCUMENTATION_COMMENTS = YES;
				CLANG_WARN_EMPTY_BODY = YES;
				CLANG_WARN_ENUM_CONVERSION = YES;
				CLANG_WARN_INFINITE_RECURSION = YES;
				CLANG_WARN_INT_CONVERSION = YES;
				CLANG_WARN_OBJC_ROOT_CLASS = YES_ERROR;
				CLANG_WARN_SUSPICIOUS_MOVES = YES;
				CLANG_WARN_UNREACHABLE_CODE = YES;
				CLANG_WARN__DUPLICATE_METHOD_MATCH = YES;
				"CODE_SIGN_IDENTITY[sdk=iphoneos*]" = "iPhone Developer";
				COPY_PHASE_STRIP = NO;
				DEBUG_INFORMATION_FORMAT = dwarf;
				ENABLE_STRICT_OBJC_MSGSEND = YES;
				ENABLE_TESTABILITY = YES;
				GCC_C_LANGUAGE_STANDARD = gnu99;
				GCC_DYNAMIC_NO_PIC = NO;
				GCC_NO_COMMON_BLOCKS = YES;
				GCC_OPTIMIZATION_LEVEL = 0;
				GCC_PREPROCESSOR_DEFINITIONS = (
					"DEBUG=1",
					"$(inherited)",
				);
				GCC_WARN_64_TO_32_BIT_CONVERSION = YES;
				GCC_WARN_ABOUT_RETURN_TYPE = YES_ERROR;
				GCC_WARN_UNDECLARED_SELECTOR = YES;
				GCC_WARN_UNINITIALIZED_AUTOS = YES_AGGRESSIVE;
				GCC_WARN_UNUSED_FUNCTION = YES;
				GCC_WARN_UNUSED_VARIABLE = YES;
				IPHONEOS_DEPLOYMENT_TARGET = 10.1;
				MTL_ENABLE_DEBUG_INFO = YES;
				ONLY_ACTIVE_ARCH = YES;
				SDKROOT = iphoneos;
				SWIFT_ACTIVE_COMPILATION_CONDITIONS = DEBUG;
				SWIFT_OPTIMIZATION_LEVEL = "-Onone";
			};
			name = Debug;
		};
		56FF7BC01DFC727400CFD556 /* Release */ = {
			isa = XCBuildConfiguration;
			buildSettings = {
				ALWAYS_SEARCH_USER_PATHS = NO;
				CLANG_ANALYZER_NONNULL = YES;
				CLANG_CXX_LANGUAGE_STANDARD = "gnu++0x";
				CLANG_CXX_LIBRARY = "libc++";
				CLANG_ENABLE_MODULES = YES;
				CLANG_ENABLE_OBJC_ARC = YES;
				CLANG_WARN_BOOL_CONVERSION = YES;
				CLANG_WARN_CONSTANT_CONVERSION = YES;
				CLANG_WARN_DIRECT_OBJC_ISA_USAGE = YES_ERROR;
				CLANG_WARN_DOCUMENTATION_COMMENTS = YES;
				CLANG_WARN_EMPTY_BODY = YES;
				CLANG_WARN_ENUM_CONVERSION = YES;
				CLANG_WARN_INFINITE_RECURSION = YES;
				CLANG_WARN_INT_CONVERSION = YES;
				CLANG_WARN_OBJC_ROOT_CLASS = YES_ERROR;
				CLANG_WARN_SUSPICIOUS_MOVES = YES;
				CLANG_WARN_UNREACHABLE_CODE = YES;
				CLANG_WARN__DUPLICATE_METHOD_MATCH = YES;
				"CODE_SIGN_IDENTITY[sdk=iphoneos*]" = "iPhone Developer";
				COPY_PHASE_STRIP = NO;
				DEBUG_INFORMATION_FORMAT = "dwarf-with-dsym";
				ENABLE_NS_ASSERTIONS = NO;
				ENABLE_STRICT_OBJC_MSGSEND = YES;
				GCC_C_LANGUAGE_STANDARD = gnu99;
				GCC_NO_COMMON_BLOCKS = YES;
				GCC_WARN_64_TO_32_BIT_CONVERSION = YES;
				GCC_WARN_ABOUT_RETURN_TYPE = YES_ERROR;
				GCC_WARN_UNDECLARED_SELECTOR = YES;
				GCC_WARN_UNINITIALIZED_AUTOS = YES_AGGRESSIVE;
				GCC_WARN_UNUSED_FUNCTION = YES;
				GCC_WARN_UNUSED_VARIABLE = YES;
				IPHONEOS_DEPLOYMENT_TARGET = 10.1;
				MTL_ENABLE_DEBUG_INFO = NO;
				SDKROOT = iphoneos;
				SWIFT_OPTIMIZATION_LEVEL = "-Owholemodule";
				VALIDATE_PRODUCT = YES;
			};
			name = Release;
		};
		56FF7BC21DFC727400CFD556 /* Debug */ = {
			isa = XCBuildConfiguration;
			buildSettings = {
				ASSETCATALOG_COMPILER_APPICON_NAME = AppIcon;
				DEVELOPMENT_TEAM = UY69P266SE;
				INFOPLIST_FILE = "Automatic Parking Bar/Info.plist";
				LD_RUNPATH_SEARCH_PATHS = "$(inherited) @executable_path/Frameworks";
				PRODUCT_BUNDLE_IDENTIFIER = "com.yhondri.Automatic-Parking-Bar";
				PRODUCT_NAME = "$(TARGET_NAME)";
				SWIFT_VERSION = 3.0;
			};
			name = Debug;
		};
		56FF7BC31DFC727400CFD556 /* Release */ = {
			isa = XCBuildConfiguration;
			buildSettings = {
				ASSETCATALOG_COMPILER_APPICON_NAME = AppIcon;
				DEVELOPMENT_TEAM = UY69P266SE;
				INFOPLIST_FILE = "Automatic Parking Bar/Info.plist";
				LD_RUNPATH_SEARCH_PATHS = "$(inherited) @executable_path/Frameworks";
				PRODUCT_BUNDLE_IDENTIFIER = "com.yhondri.Automatic-Parking-Bar";
				PRODUCT_NAME = "$(TARGET_NAME)";
				SWIFT_VERSION = 3.0;
			};
			name = Release;
		};
/* End XCBuildConfiguration section */

/* Begin XCConfigurationList section */
		56FF7BAA1DFC727400CFD556 /* Build configuration list for PBXProject "Automatic Parking Bar" */ = {
			isa = XCConfigurationList;
			buildConfigurations = (
				56FF7BBF1DFC727400CFD556 /* Debug */,
				56FF7BC01DFC727400CFD556 /* Release */,
			);
			defaultConfigurationIsVisible = 0;
			defaultConfigurationName = Release;
		};
		56FF7BC11DFC727400CFD556 /* Build configuration list for PBXNativeTarget "Automatic Parking Bar" */ = {
			isa = XCConfigurationList;
			buildConfigurations = (
				56FF7BC21DFC727400CFD556 /* Debug */,
				56FF7BC31DFC727400CFD556 /* Release */,
			);
			defaultConfigurationIsVisible = 0;
			defaultConfigurationName = Release;
		};
/* End XCConfigurationList section */
	};
	rootObject = 56FF7BA71DFC727400CFD556 /* Project object */;
}
